<?xml version="1.0" encoding="utf-8"?>
<Project ToolsVersion="4.0" xmlns="http://schemas.microsoft.com/developer/msbuild/2003">
  <ItemGroup>
    <ClCompile Include="..\src\window.cpp">
      <Filter>Source Files</Filter>
    </ClCompile>
    <ClCompile Include="..\src\util.cpp">
      <Filter>Source Files</Filter>
    </ClCompile>
    <ClCompile Include="..\src\timer.cpp">
      <Filter>Source Files</Filter>
    </ClCompile>
    <ClCompile Include="..\src\model.cpp">
      <Filter>Source Files</Filter>
    </ClCompile>
    <ClCompile Include="..\src\material.cpp">
      <Filter>Source Files</Filter>
    </ClCompile>
    <ClCompile Include="..\src\handle.cpp">
      <Filter>Source Files</Filter>
    </ClCompile>
    <ClCompile Include="..\src\input.cpp">
      <Filter>Source Files</Filter>
    </ClCompile>
    <ClCompile Include="..\src\glvertexarray.cpp">
      <Filter>Source Files</Filter>
    </ClCompile>
    <ClCompile Include="..\src\gltexture.cpp">
      <Filter>Source Files</Filter>
    </ClCompile>
    <ClCompile Include="..\src\glprogram.cpp">
      <Filter>Source Files</Filter>
    </ClCompile>
    <ClCompile Include="..\src\glcamera.cpp">
      <Filter>Source Files</Filter>
    </ClCompile>
  </ItemGroup>
  <ItemGroup>
    <Filter Include="Header Files">
      <UniqueIdentifier>{2ff1f5a2-09f8-4696-b5d4-333ba2cd0f46}</UniqueIdentifier>
    </Filter>
    <Filter Include="Source Files">
      <UniqueIdentifier>{2bda5ee6-9a57-4898-85b3-825e57baa1f1}</UniqueIdentifier>
    </Filter>
  </ItemGroup>
  <ItemGroup>
    <ClInclude Include="..\include\glcamera.h">
      <Filter>Header Files</Filter>
    </ClInclude>
    <ClInclude Include="..\include\glprogram.h">
      <Filter>Header Files</Filter>
    </ClInclude>
    <ClInclude Include="..\include\glshader.h">
      <Filter>Header Files</Filter>
    </ClInclude>
    <ClInclude Include="..\include\gltexture.h">
      <Filter>Header Files</Filter>
    </ClInclude>
    <ClInclude Include="..\include\glvertexarray.h">
      <Filter>Header Files</Filter>
    </ClInclude>
    <ClInclude Include="..\include\handle.h">
      <Filter>Header Files</Filter>
    </ClInclude>
    <ClInclude Include="..\include\input.h">
      <Filter>Header Files</Filter>
    </ClInclude>
    <ClInclude Include="..\include\material.h">
      <Filter>Header Files</Filter>
    </ClInclude>
    <ClInclude Include="..\include\model.h">
      <Filter>Header Files</Filter>
    </ClInclude>
    <ClInclude Include="..\include\timer.h">
      <Filter>Header Files</Filter>
    </ClInclude>
    <ClInclude Include="..\include\util.h">
      <Filter>Header Files</Filter>
    </ClInclude>
    <ClInclude Include="..\include\window.h">
      <Filter>Header Files</Filter>
    </ClInclude>
    <ClInclude Include="..\include\glbuffer.h">
      <Filter>Header Files</Filter>
    </ClInclude>
  </ItemGroup>
</Project>